
Microsoft Visual Studio Solution File, Format Version 12.00
# Visual Studio 15
VisualStudioVersion = 15.0.28307.572
MinimumVisualStudioVersion = 10.0.40219.1
Project("{FAE04EC0-301F-11D3-BF4B-00C04F79EFBC}") = "WinInterface", "WinInterface\WinInterface.csproj", "{4782B3EA-6FF2-409B-8DCF-464D90647858}"
EndProject
Global
	GlobalSection(SolutionConfigurationPlatforms) = preSolution
		Debug|Any CPU = Debug|Any CPU
		Release|Any CPU = Release|Any CPU
	EndGlobalSection
	GlobalSection(ProjectConfigurationPlatforms) = postSolution
		{4782B3EA-6FF2-409B-8DCF-464D90647858}.Debug|Any CPU.ActiveCfg = Debug|Any CPU
		{4782B3EA-6FF2-409B-8DCF-464D90647858}.Debug|Any CPU.Build.0 = Debug|Any CPU
		{4782B3EA-6FF2-409B-8DCF-464D90647858}.Release|Any CPU.ActiveCfg = Release|Any CPU
		{4782B3EA-6FF2-409B-8DCF-464D90647858}.Release|Any CPU.Build.0 = Release|Any CPU
	EndGlobalSection
	GlobalSection(SolutionProperties) = preSolution
		HideSolutionNode = FALSE
	EndGlobalSection
	GlobalSection(ExtensibilityGlobals) = postSolution
		SolutionGuid = {6003402D-D73B-427D-9DD6-B601A833BB25}
	EndGlobalSection
EndGlobal
